# This file is automatically @generated by Cargo.
# It is not intended for manual editing.
version = 3

[[package]]
name = "aarch64"
version = "3.0.1"
source = "git+https://github.com/rcore-os/aarch64?rev=b7ea2a5#b7ea2a5200063a7879454cbf1d7a7d423fe21663"
dependencies = [
 "bit_field 0.9.0",
 "bitflags",
 "cast",
 "register",
 "usize_conversions",
 "ux",
]

[[package]]
name = "aarch64"
version = "3.0.1"
source = "git+https://github.com/rcore-os/aarch64#b7ea2a5200063a7879454cbf1d7a7d423fe21663"
dependencies = [
 "bit_field 0.9.0",
 "bitflags",
 "cast",
 "register",
 "usize_conversions",
 "ux",
]

[[package]]
name = "acpi"
version = "0.4.0"
source = "registry+https://github.com/rust-lang/crates.io-index"
checksum = "2c18d706bdc322dd4f8f7930a5879ad8df3d78d4452a678d5419c72f9f69acea"
dependencies = [
 "bit_field 0.9.0",
 "log",
 "typenum",
]

[[package]]
name = "aho-corasick"
version = "0.7.18"
source = "registry+https://github.com/rust-lang/crates.io-index"
checksum = "1e37cfd5e7657ada45f742d6e99ca5788580b5c529dc78faf11ece6dc702656f"
dependencies = [
 "memchr",
]

[[package]]
name = "aml"
version = "0.4.0"
source = "registry+https://github.com/rust-lang/crates.io-index"
checksum = "b7669e841017880c2710777c46ec654272163379bbe55de6e17a2a2388d44d92"
dependencies = [
 "bit_field 0.9.0",
 "log",
]

[[package]]
name = "apic"
version = "0.1.0"
source = "git+https://github.com/rcore-os/apic-rs?rev=fb86bd7#fb86bd7c798608a18cbb48755637d97d4266eb89"
dependencies = [
 "bit_field 0.10.1",
 "bitflags",
 "x86 0.33.0",
]

[[package]]
name = "autocfg"
version = "1.1.0"
source = "registry+https://github.com/rust-lang/crates.io-index"
checksum = "d468802bab17cbc0cc575e9b053f41e72aa36bfa6b7f55e3529ffa43161b97fa"

[[package]]
name = "bare-metal"
version = "0.2.5"
source = "registry+https://github.com/rust-lang/crates.io-index"
checksum = "5deb64efa5bd81e31fcd1938615a6d98c82eafcbcd787162b6f63b91d6bac5b3"
dependencies = [
 "rustc_version 0.2.3",
]

[[package]]
name = "bare-metal"
version = "1.0.0"
source = "registry+https://github.com/rust-lang/crates.io-index"
checksum = "f8fe8f5a8a398345e52358e18ff07cc17a568fbca5c6f73873d3a62056309603"

[[package]]
name = "bcm2837"
version = "2.6.0"
source = "git+https://github.com/rcore-os/bcm2837#cd5ac625c11e5f4ad9a5c83bc2cfa8fab65f1ae3"
dependencies = [
 "aarch64 3.0.1 (git+https://github.com/rcore-os/aarch64?rev=b7ea2a5)",
 "log",
 "volatile 0.2.7",
]

[[package]]
name = "bit-set"
version = "0.5.2"
source = "registry+https://github.com/rust-lang/crates.io-index"
checksum = "6e11e16035ea35e4e5997b393eacbf6f63983188f7a2ad25bfb13465f5ad59de"
dependencies = [
 "bit-vec",
]

[[package]]
name = "bit-vec"
version = "0.6.3"
source = "registry+https://github.com/rust-lang/crates.io-index"
checksum = "349f9b6a179ed607305526ca489b34ad0a41aed5f7980fa90eb03160b69598fb"

[[package]]
name = "bit_field"
version = "0.9.0"
source = "registry+https://github.com/rust-lang/crates.io-index"
checksum = "ed8765909f9009617974ab6b7d332625b320b33c326b1e9321382ef1999b5d56"

[[package]]
name = "bit_field"
version = "0.10.1"
source = "registry+https://github.com/rust-lang/crates.io-index"
checksum = "dcb6dd1c2376d2e096796e234a70e17e94cc2d5d54ff8ce42b28cef1d0d359a4"

[[package]]
name = "bitflags"
version = "1.3.2"
source = "registry+https://github.com/rust-lang/crates.io-index"
checksum = "bef38d45163c2f1dde094a7dfd33ccf595c92905c8f8f4fdc18d06fb1037718a"

[[package]]
name = "bitmap-allocator"
version = "0.1.0"
source = "git+https://github.com/rcore-os/bitmap-allocator?rev=03bd990#03bd9909d0dc85e99f5559b97a163ab81073df83"
dependencies = [
 "bit_field 0.9.0",
]

[[package]]
name = "bitmap-allocator"
version = "0.1.0"
source = "git+https://github.com/rcore-os/bitmap-allocator?rev=03bd9909#03bd9909d0dc85e99f5559b97a163ab81073df83"
dependencies = [
 "bit_field 0.9.0",
]

[[package]]
name = "bitvec"
version = "0.17.4"
source = "registry+https://github.com/rust-lang/crates.io-index"
checksum = "41262f11d771fd4a61aa3ce019fca363b4b6c282fca9da2a31186d3965a47a5c"
dependencies = [
 "either",
 "radium",
]

[[package]]
name = "buddy_system_allocator"
version = "0.8.0"
source = "registry+https://github.com/rust-lang/crates.io-index"
checksum = "55703ac5f02c246ce6158eff6ae2dd9e9069917969682b6831f8a5123abb8a48"
dependencies = [
 "spin 0.7.1",
]

[[package]]
name = "byteorder"
version = "1.4.3"
source = "registry+https://github.com/rust-lang/crates.io-index"
checksum = "14c189c53d098945499cdfa7ecc63567cf3886b3332b312a5b4585d8d3a6a610"

[[package]]
name = "cast"
version = "0.2.7"
source = "registry+https://github.com/rust-lang/crates.io-index"
checksum = "4c24dab4283a142afa2fdca129b80ad2c6284e073930f964c3a1293c225ee39a"
dependencies = [
 "rustc_version 0.4.0",
]

[[package]]
name = "cc"
version = "1.0.73"
source = "registry+https://github.com/rust-lang/crates.io-index"
checksum = "2fff2a6927b3bb87f9595d67196a70493f627687a71d87a0d692242c33f58c11"

[[package]]
name = "cfg-if"
version = "1.0.0"
source = "registry+https://github.com/rust-lang/crates.io-index"
checksum = "baf1de4339761588bc0619e3cbc0120ee582ebb74b53b4efbf79117bd2da40fd"

[[package]]
name = "compression"
version = "0.1.5"
source = "registry+https://github.com/rust-lang/crates.io-index"
checksum = "3a82b366ae14633c67a1cbb4aa3738210a23f77d2868a0fd50faa23a956f9ec4"
dependencies = [
 "cfg-if",
 "lazy_static",
 "log",
 "num-traits",
]

[[package]]
name = "device_tree"
version = "1.0.3"
source = "git+https://github.com/rcore-os/device_tree-rs?rev=2f2e55fb5238466747fef49d9ce0f59b2e808154#2f2e55fb5238466747fef49d9ce0f59b2e808154"

[[package]]
name = "dyn-fmt"
version = "0.3.0"
source = "registry+https://github.com/rust-lang/crates.io-index"
checksum = "c2a0836c9bd73a9d3ca55b0effc5b1eedf96dd13ef994389bcac6d4d33c46188"

[[package]]
name = "ebpf2rv"
version = "0.1.0"
source = "git+https://github.com/latte-c/ebpf2rv?rev=50a7de5#50a7de5df0e0ef0de9e0cc9869ef0853f380e54f"
dependencies = [
 "rvjit",
]

[[package]]
name = "either"
version = "1.6.1"
source = "registry+https://github.com/rust-lang/crates.io-index"
checksum = "e78d4f1cc4ae33bbfc157ed5d5a5ef3bc29227303d595861deb238fcec4e9457"

[[package]]
name = "embedded-graphics"
version = "0.6.0-alpha.2"
source = "registry+https://github.com/rust-lang/crates.io-index"
checksum = "5e784539ee7c085de51439a0a584d11d0f4ab20baf86aa83de6bb8d0f401e6b4"
dependencies = [
 "byteorder",
]

[[package]]
name = "embedded-hal"
version = "0.2.7"
source = "registry+https://github.com/rust-lang/crates.io-index"
checksum = "35949884794ad573cf46071e41c9b60efb0cb311e3ca01f7af807af1debc66ff"
dependencies = [
 "nb 0.1.3",
 "void",
]

[[package]]
name = "executor"
version = "0.6.0"
source = "git+https://github.com/rcore-os/executor.git?rev=85b9335a6ba4a6032d618b9b65a8f0d4fa7da6f7#85b9335a6ba4a6032d618b9b65a8f0d4fa7da6f7"
dependencies = [
 "executor-macros",
 "lazy_static",
 "spin 0.9.4",
 "woke",
]

[[package]]
name = "executor-macros"
version = "0.0.1"
source = "git+https://github.com/rcore-os/executor.git?rev=85b9335a6ba4a6032d618b9b65a8f0d4fa7da6f7#85b9335a6ba4a6032d618b9b65a8f0d4fa7da6f7"
dependencies = [
 "proc-macro2",
 "quote",
 "syn",
]

[[package]]
name = "filetime"
version = "0.2.16"
source = "registry+https://github.com/rust-lang/crates.io-index"
checksum = "c0408e2626025178a6a7f7ffc05a25bc47103229f19c113755de7bf63816290c"
dependencies = [
 "cfg-if",
 "libc",
 "redox_syscall",
 "winapi",
]

[[package]]
name = "isomorphic_drivers"
version = "0.1.0"
source = "git+https://github.com/rcore-os/isomorphic_drivers?rev=f7cd97a867057142f06de7f254accf7960514a79#f7cd97a867057142f06de7f254accf7960514a79"
dependencies = [
 "bit_field 0.10.1",
 "bitflags",
 "log",
 "spin 0.9.4",
 "volatile 0.3.0",
]

[[package]]
name = "lazy_static"
version = "1.4.0"
source = "registry+https://github.com/rust-lang/crates.io-index"
checksum = "e2abad23fbc42b3700f2f279844dc832adb2b2eb069b2df918f455c4e18cc646"
dependencies = [
 "spin 0.5.2",
]

[[package]]
name = "libc"
version = "0.2.125"
source = "registry+https://github.com/rust-lang/crates.io-index"
checksum = "5916d2ae698f6de9bfb891ad7a8d65c09d232dc58cc4ac433c7da3b2fd84bc2b"

[[package]]
name = "lock_api"
version = "0.4.9"
source = "registry+https://github.com/rust-lang/crates.io-index"
checksum = "435011366fe56583b16cf956f9df0095b405b82d76425bc8981c0e22e60ec4df"
dependencies = [
 "autocfg",
 "scopeguard",
]

[[package]]
name = "log"
version = "0.4.17"
source = "registry+https://github.com/rust-lang/crates.io-index"
checksum = "abb12e687cfb44aa40f41fc3978ef76448f9b6038cad6aef4259d3c095a2382e"
dependencies = [
 "cfg-if",
]

[[package]]
name = "managed"
version = "0.7.2"
source = "registry+https://github.com/rust-lang/crates.io-index"
checksum = "c75de51135344a4f8ed3cfe2720dc27736f7711989703a0b43aadf3753c55577"

[[package]]
name = "memchr"
version = "2.5.0"
source = "registry+https://github.com/rust-lang/crates.io-index"
checksum = "2dffe52ecf27772e601905b7522cb4ef790d2cc203488bbd0e2fe85fcb74566d"

[[package]]
name = "mips"
version = "0.3.0"
source = "git+https://github.com/Harry-Chen/rust-mips?rev=3b828a2#3b828a2afed97f2769a66cf9cd8239a285804dc0"
dependencies = [
 "bit_field 0.10.1",
 "bitflags",
]

[[package]]
name = "naive-timer"
version = "0.1.0"
source = "git+https://github.com/rcore-os/naive-timer.git?rev=d0cfe04#d0cfe046119404486f5b4e0f9f069b372ab5ed11"

[[package]]
name = "nb"
version = "0.1.3"
source = "registry+https://github.com/rust-lang/crates.io-index"
checksum = "801d31da0513b6ec5214e9bf433a77966320625a37860f910be265be6e18d06f"
dependencies = [
 "nb 1.0.0",
]

[[package]]
name = "nb"
version = "1.0.0"
source = "registry+https://github.com/rust-lang/crates.io-index"
checksum = "546c37ac5d9e56f55e73b677106873d9d9f5190605e41a856503623648488cae"

[[package]]
name = "num"
version = "0.2.1"
source = "registry+https://github.com/rust-lang/crates.io-index"
checksum = "b8536030f9fea7127f841b45bb6243b27255787fb4eb83958aa1ef9d2fdc0c36"
dependencies = [
 "num-complex",
 "num-integer",
 "num-iter",
 "num-rational",
 "num-traits",
]

[[package]]
name = "num-complex"
version = "0.2.4"
source = "registry+https://github.com/rust-lang/crates.io-index"
checksum = "b6b19411a9719e753aff12e5187b74d60d3dc449ec3f4dc21e3989c3f554bc95"
dependencies = [
 "autocfg",
 "num-traits",
]

[[package]]
name = "num-derive"
version = "0.3.3"
source = "registry+https://github.com/rust-lang/crates.io-index"
checksum = "876a53fff98e03a936a674b29568b0e605f06b29372c2489ff4de23f1949743d"
dependencies = [
 "proc-macro2",
 "quote",
 "syn",
]

[[package]]
name = "num-integer"
version = "0.1.45"
source = "registry+https://github.com/rust-lang/crates.io-index"
checksum = "225d3389fb3509a24c93f5c29eb6bde2586b98d9f016636dff58d7c6f7569cd9"
dependencies = [
 "autocfg",
 "num-traits",
]

[[package]]
name = "num-iter"
version = "0.1.43"
source = "registry+https://github.com/rust-lang/crates.io-index"
checksum = "7d03e6c028c5dc5cac6e2dec0efda81fc887605bb3d884578bb6d6bf7514e252"
dependencies = [
 "autocfg",
 "num-integer",
 "num-traits",
]

[[package]]
name = "num-rational"
version = "0.2.4"
source = "registry+https://github.com/rust-lang/crates.io-index"
checksum = "5c000134b5dbf44adc5cb772486d335293351644b801551abe8f75c84cfa4aef"
dependencies = [
 "autocfg",
 "num-integer",
 "num-traits",
]

[[package]]
name = "num-traits"
version = "0.2.15"
source = "registry+https://github.com/rust-lang/crates.io-index"
checksum = "578ede34cf02f8924ab9447f50c28075b4d3e5b269972345e7e0372b38c6cdcd"
dependencies = [
 "autocfg",
]

[[package]]
name = "numeric-enum-macro"
version = "0.2.0"
source = "registry+https://github.com/rust-lang/crates.io-index"
checksum = "300e4bdb6b46b592948e700ea1ef24a4296491f6a0ee722b258040abd15a3714"

[[package]]
name = "paste"
version = "0.1.18"
source = "registry+https://github.com/rust-lang/crates.io-index"
checksum = "45ca20c77d80be666aef2b45486da86238fabe33e38306bd3118fe4af33fa880"
dependencies = [
 "paste-impl",
 "proc-macro-hack",
]

[[package]]
name = "paste-impl"
version = "0.1.18"
source = "registry+https://github.com/rust-lang/crates.io-index"
checksum = "d95a7db200b97ef370c8e6de0088252f7e0dfff7d047a28528e47456c0fc98b6"
dependencies = [
 "proc-macro-hack",
]

[[package]]
name = "pc-keyboard"
version = "0.5.1"
source = "registry+https://github.com/rust-lang/crates.io-index"
checksum = "5c6f2d937e3b8d63449b01401e2bae4041bc9dd1129c2e3e0d239407cf6635ac"

[[package]]
name = "pci"
version = "0.0.1"
source = "git+https://github.com/rcore-os/pci-rs?rev=a4e7cea6#a4e7cea640f8a92ae4b51c6c51fee3f1f0317af2"
dependencies = [
 "bitflags",
]

[[package]]
name = "proc-macro-hack"
version = "0.5.19"
source = "registry+https://github.com/rust-lang/crates.io-index"
checksum = "dbf0c48bc1d91375ae5c3cd81e3722dff1abcf81a30960240640d223f59fe0e5"

[[package]]
name = "proc-macro2"
version = "1.0.38"
source = "registry+https://github.com/rust-lang/crates.io-index"
checksum = "9027b48e9d4c9175fa2218adf3557f91c1137021739951d4932f5f8268ac48aa"
dependencies = [
 "unicode-xid",
]

[[package]]
name = "quote"
version = "1.0.18"
source = "registry+https://github.com/rust-lang/crates.io-index"
checksum = "a1feb54ed693b93a84e14094943b84b7c4eae204c512b7ccb95ab0c66d278ad1"
dependencies = [
 "proc-macro2",
]

[[package]]
name = "radium"
version = "0.3.0"
source = "registry+https://github.com/rust-lang/crates.io-index"
checksum = "def50a86306165861203e7f84ecffbbdfdea79f0e51039b33de1e952358c47ac"

[[package]]
name = "raw-cpuid"
version = "8.0.0"
source = "registry+https://github.com/rust-lang/crates.io-index"
checksum = "9e9c0f2091b865a94bc3c9d34896cc4bbda04453453c391f7eb224491be9ae1d"
dependencies = [
 "bitflags",
 "cc",
 "rustc_version 0.2.3",
]

[[package]]
name = "raw-cpuid"
version = "9.1.1"
source = "registry+https://github.com/rust-lang/crates.io-index"
checksum = "1733f6f80c9c24268736a501cd00d41a9849b4faa7a9f9334c096e5d10553206"
dependencies = [
 "bitflags",
]

[[package]]
name = "raw-cpuid"
version = "10.6.0"
source = "registry+https://github.com/rust-lang/crates.io-index"
checksum = "a6823ea29436221176fe662da99998ad3b4db2c7f31e7b6f5fe43adccd6320bb"
dependencies = [
 "bitflags",
]

[[package]]
name = "rboot"
version = "0.1.3"
dependencies = [
 "log",
 "rlibc",
 "uefi",
 "x86_64 0.11.8",
 "xmas-elf",
]

[[package]]
name = "rcore"
version = "0.2.0"
dependencies = [
 "aarch64 3.0.1 (git+https://github.com/rcore-os/aarch64)",
 "acpi",
 "aml",
 "apic",
 "bcm2837",
 "bit_field 0.10.1",
 "bitflags",
 "bitmap-allocator 0.1.0 (git+https://github.com/rcore-os/bitmap-allocator?rev=03bd9909)",
 "bitvec",
 "buddy_system_allocator",
 "compression",
 "device_tree",
 "dyn-fmt",
 "ebpf2rv",
 "executor",
 "isomorphic_drivers",
 "lazy_static",
 "log",
 "mips",
 "naive-timer",
 "num",
 "num-derive",
 "num-traits",
 "paste",
 "pc-keyboard",
 "pci",
 "raw-cpuid 8.0.0",
 "rboot",
 "rcore-console",
 "rcore-fs",
 "rcore-fs-devfs",
 "rcore-fs-mountfs",
 "rcore-fs-ramfs",
 "rcore-fs-sfs",
 "rcore-memory",
 "riscv 0.8.0",
 "riscv-decode",
 "rlibc",
 "rvm",
 "smoltcp",
 "spin 0.5.2",
 "trapframe",
 "uart_16550",
 "virtio-drivers",
 "volatile 0.2.7",
 "woke",
 "x86_64 0.11.8",
 "xmas-elf",
]

[[package]]
name = "rcore-console"
version = "0.1.0"
source = "git+https://github.com/rcore-os/rcore-console?rev=b7bacf9#b7bacf9bfdbb4efd3850f3215207267006c38c92"
dependencies = [
 "embedded-graphics",
 "vte",
]

[[package]]
name = "rcore-fs"
version = "0.1.0"
source = "git+https://github.com/rcore-os/rcore-fs?rev=517af47#517af47ff3f632f05b91b9ea73a047aa8df363f3"
dependencies = [
 "filetime",
 "spin 0.5.2",
 "winapi",
]

[[package]]
name = "rcore-fs-devfs"
version = "0.1.0"
source = "git+https://github.com/rcore-os/rcore-fs?rev=517af47#517af47ff3f632f05b91b9ea73a047aa8df363f3"
dependencies = [
 "log",
 "rcore-fs",
 "spin 0.5.2",
]

[[package]]
name = "rcore-fs-mountfs"
version = "0.1.0"
source = "git+https://github.com/rcore-os/rcore-fs?rev=517af47#517af47ff3f632f05b91b9ea73a047aa8df363f3"
dependencies = [
 "lazy_static",
 "log",
 "rcore-fs",
 "spin 0.5.2",
]

[[package]]
name = "rcore-fs-ramfs"
version = "0.1.0"
source = "git+https://github.com/rcore-os/rcore-fs?rev=517af47#517af47ff3f632f05b91b9ea73a047aa8df363f3"
dependencies = [
 "log",
 "rcore-fs",
 "spin 0.5.2",
]

[[package]]
name = "rcore-fs-sfs"
version = "0.1.0"
source = "git+https://github.com/rcore-os/rcore-fs?rev=517af47#517af47ff3f632f05b91b9ea73a047aa8df363f3"
dependencies = [
 "bitvec",
 "log",
 "rcore-fs",
 "spin 0.5.2",
 "static_assertions",
]

[[package]]
name = "rcore-memory"
version = "0.1.0"
dependencies = [
 "log",
 "spin 0.5.2",
]

[[package]]
name = "redox_syscall"
version = "0.2.13"
source = "registry+https://github.com/rust-lang/crates.io-index"
checksum = "62f25bc4c7e55e0b0b7a1d43fb893f4fa1361d0abe38b9ce4f323c2adfe6ef42"
dependencies = [
 "bitflags",
]

[[package]]
name = "regex"
version = "1.5.5"
source = "registry+https://github.com/rust-lang/crates.io-index"
checksum = "1a11647b6b25ff05a515cb92c365cec08801e83423a235b51e231e1808747286"
dependencies = [
 "aho-corasick",
 "memchr",
 "regex-syntax",
]

[[package]]
name = "regex-syntax"
version = "0.6.25"
source = "registry+https://github.com/rust-lang/crates.io-index"
checksum = "f497285884f3fcff424ffc933e56d7cbca511def0c9831a7f9b5f6153e3cc89b"

[[package]]
name = "register"
version = "1.0.2"
source = "registry+https://github.com/rust-lang/crates.io-index"
checksum = "f4a247de29ab7cc8f5006cfe775c4a81c704f9914c5e2a79696862e643135433"
dependencies = [
 "tock-registers",
]

[[package]]
name = "riscv"
version = "0.6.0"
source = "git+https://github.com/rcore-riscv-hypervisor-dev/riscv.git?rev=3f5efb1#3f5efb1b8d4ceb12e291ef3d7b27120ea038eb83"
dependencies = [
 "bare-metal 0.2.5",
 "bit_field 0.10.1",
 "bitflags",
 "log",
 "riscv-target",
]

[[package]]
name = "riscv"
version = "0.8.0"
source = "git+https://github.com/yesh0/riscv?rev=9eebb5c202b04832f01858536aeb8a1e3c5eccf6#9eebb5c202b04832f01858536aeb8a1e3c5eccf6"
dependencies = [
 "bare-metal 1.0.0",
 "bit_field 0.10.1",
 "bitflags",
 "embedded-hal",
 "log",
]

[[package]]
name = "riscv-decode"
version = "0.2.0"
source = "git+https://github.com/latte-c/riscv-decode?rev=bc8da4e#bc8da4e1763a0179ecdab3301892c306b605d377"

[[package]]
name = "riscv-target"
version = "0.1.2"
source = "registry+https://github.com/rust-lang/crates.io-index"
checksum = "88aa938cda42a0cf62a20cfe8d139ff1af20c2e681212b5b34adb5a58333f222"
dependencies = [
 "lazy_static",
 "regex",
]

[[package]]
name = "rlibc"
version = "1.0.0"
source = "registry+https://github.com/rust-lang/crates.io-index"
checksum = "fc874b127765f014d792f16763a81245ab80500e2ad921ed4ee9e82481ee08fe"

[[package]]
name = "rustc_version"
version = "0.2.3"
source = "registry+https://github.com/rust-lang/crates.io-index"
checksum = "138e3e0acb6c9fb258b19b67cb8abd63c00679d2851805ea151465464fe9030a"
dependencies = [
 "semver 0.9.0",
]

[[package]]
name = "rustc_version"
version = "0.4.0"
source = "registry+https://github.com/rust-lang/crates.io-index"
checksum = "bfa0f585226d2e68097d4f95d113b15b83a82e819ab25717ec0590d9584ef366"
dependencies = [
 "semver 1.0.9",
]

[[package]]
name = "rustversion"
version = "1.0.6"
source = "registry+https://github.com/rust-lang/crates.io-index"
checksum = "f2cc38e8fa666e2de3c4aba7edeb5ffc5246c1c2ed0e3d17e560aeeba736b23f"

[[package]]
name = "rvjit"
version = "0.1.0"
source = "git+https://github.com/latte-c/rvjit?rev=58e145d#58e145d75243bc934a6f9a472fce4ee62ba11525"

[[package]]
name = "rvm"
version = "1.2.0"
source = "git+https://github.com/rcore-riscv-hypervisor-dev/RVM?rev=2867e78#2867e782463fe81e572d7c3cd68abaf79252f50c"
dependencies = [
 "bit-set",
 "bit_field 0.10.1",
 "bitflags",
 "bitmap-allocator 0.1.0 (git+https://github.com/rcore-os/bitmap-allocator?rev=03bd990)",
 "lazy_static",
 "log",
 "numeric-enum-macro",
 "raw-cpuid 9.1.1",
 "riscv 0.6.0",
 "rvm_macros",
 "spin 0.5.2",
 "x86 0.36.0",
 "x86_64 0.11.8",
]

[[package]]
name = "rvm_macros"
version = "0.1.0"
source = "git+https://github.com/rcore-riscv-hypervisor-dev/RVM?rev=2867e78#2867e782463fe81e572d7c3cd68abaf79252f50c"
dependencies = [
 "quote",
 "syn",
]

[[package]]
name = "scopeguard"
version = "1.1.0"
source = "registry+https://github.com/rust-lang/crates.io-index"
checksum = "d29ab0c6d3fc0ee92fe66e2d99f700eab17a8d57d1c1d3b748380fb20baa78cd"

[[package]]
name = "semver"
version = "0.9.0"
source = "registry+https://github.com/rust-lang/crates.io-index"
checksum = "1d7eb9ef2c18661902cc47e535f9bc51b78acd254da71d375c2f6720d9a40403"
dependencies = [
 "semver-parser",
]

[[package]]
name = "semver"
version = "1.0.9"
source = "registry+https://github.com/rust-lang/crates.io-index"
checksum = "8cb243bdfdb5936c8dc3c45762a19d12ab4550cdc753bc247637d4ec35a040fd"

[[package]]
name = "semver-parser"
version = "0.7.0"
source = "registry+https://github.com/rust-lang/crates.io-index"
checksum = "388a1df253eca08550bef6c72392cfe7c30914bf41df5269b68cbd6ff8f570a3"

[[package]]
name = "smoltcp"
version = "0.5.0"
source = "git+https://github.com/rcore-os/smoltcp?rev=5bd87c7c#5bd87c7cf01e0a36eb92102e4b52876a9e0ba889"
dependencies = [
 "bitflags",
 "byteorder",
 "log",
 "managed",
]

[[package]]
name = "spin"
version = "0.5.2"
source = "registry+https://github.com/rust-lang/crates.io-index"
checksum = "6e63cff320ae2c57904679ba7cb63280a3dc4613885beafb148ee7bf9aa9042d"

[[package]]
name = "spin"
version = "0.7.1"
source = "registry+https://github.com/rust-lang/crates.io-index"
checksum = "13287b4da9d1207a4f4929ac390916d64eacfe236a487e9a9f5b3be392be5162"

[[package]]
name = "spin"
version = "0.9.4"
source = "registry+https://github.com/rust-lang/crates.io-index"
checksum = "7f6002a767bff9e83f8eeecf883ecb8011875a21ae8da43bffb817a57e78cc09"
dependencies = [
 "lock_api",
]

[[package]]
name = "static_assertions"
version = "0.3.4"
source = "registry+https://github.com/rust-lang/crates.io-index"
checksum = "7f3eb36b47e512f8f1c9e3d10c2c1965bc992bd9cdb024fa581e2194501c83d3"

[[package]]
name = "syn"
version = "1.0.93"
source = "registry+https://github.com/rust-lang/crates.io-index"
checksum = "04066589568b72ec65f42d65a1a52436e954b168773148893c020269563decf2"
dependencies = [
 "proc-macro2",
 "quote",
 "unicode-xid",
]

[[package]]
name = "tock-registers"
version = "0.6.0"
source = "registry+https://github.com/rust-lang/crates.io-index"
checksum = "f521a79accce68c417c9c77ce22108056b626126da1932f7e2e9b5bbffee0cea"

[[package]]
name = "trapframe"
version = "0.9.0"
source = "git+https://github.com/rcore-os/trapframe-rs?rev=0f27d58f5a13ae08cf5293ab0999cd12878950e1#0f27d58f5a13ae08cf5293ab0999cd12878950e1"
dependencies = [
 "raw-cpuid 10.6.0",
 "x86_64 0.14.9",
]

[[package]]
name = "typenum"
version = "1.15.0"
source = "registry+https://github.com/rust-lang/crates.io-index"
checksum = "dcf81ac59edc17cc8697ff311e8f5ef2d99fcbd9817b34cec66f90b6c3dfd987"

[[package]]
name = "uart_16550"
version = "0.2.18"
source = "registry+https://github.com/rust-lang/crates.io-index"
checksum = "b074eb9300ad949edd74c529c0e8d451625af71bb948e6b65fe69f72dc1363d9"
dependencies = [
 "bitflags",
 "rustversion",
 "x86_64 0.14.9",
]

[[package]]
name = "ucs2"
version = "0.3.2"
source = "registry+https://github.com/rust-lang/crates.io-index"
checksum = "bad643914094137d475641b6bab89462505316ec2ce70907ad20102d28a79ab8"
dependencies = [
 "bit_field 0.10.1",
]

[[package]]
name = "uefi"
version = "0.4.6"
source = "registry+https://github.com/rust-lang/crates.io-index"
checksum = "ab1f1403ecbad37d25120161acc3db12066febf3446efcc40b7631d30678505d"
dependencies = [
 "bitflags",
 "log",
 "ucs2",
 "uefi-macros",
]

[[package]]
name = "uefi-macros"
version = "0.3.3"
source = "registry+https://github.com/rust-lang/crates.io-index"
checksum = "3dcca10ca861f34a320d178f3fdb29ffbf05087fc2c70d2a99860e3329bee1a8"
dependencies = [
 "proc-macro2",
 "quote",
 "syn",
]

[[package]]
name = "unicode-xid"
version = "0.2.3"
source = "registry+https://github.com/rust-lang/crates.io-index"
checksum = "957e51f3646910546462e67d5f7599b9e4fb8acdd304b087a6494730f9eebf04"

[[package]]
name = "usize_conversions"
version = "0.2.0"
source = "registry+https://github.com/rust-lang/crates.io-index"
checksum = "f70329e2cbe45d6c97a5112daad40c34cd9a4e18edb5a2a18fefeb584d8d25e5"

[[package]]
name = "utf8parse"
version = "0.1.1"
source = "registry+https://github.com/rust-lang/crates.io-index"
checksum = "8772a4ccbb4e89959023bc5b7cb8623a795caa7092d99f3aa9501b9484d4557d"

[[package]]
name = "ux"
version = "0.1.4"
source = "registry+https://github.com/rust-lang/crates.io-index"
checksum = "5efdcf885b33bb81bc9336e66cebc10d503288449466c0e43e51250ddc93a3d8"

[[package]]
name = "virtio-drivers"
version = "0.1.0"
source = "git+https://github.com/rcore-riscv-hypervisor-dev/virtio-drivers?rev=1201a0b#1201a0b40c016301c8135e564439e40a769facc8"
dependencies = [
 "bitflags",
 "log",
 "volatile 0.2.7",
]

[[package]]
name = "void"
version = "1.0.2"
source = "registry+https://github.com/rust-lang/crates.io-index"
checksum = "6a02e4885ed3bc0f2de90ea6dd45ebcbb66dacffe03547fadbb0eeae2770887d"

[[package]]
name = "volatile"
version = "0.2.7"
source = "registry+https://github.com/rust-lang/crates.io-index"
checksum = "f6b06ad3ed06fef1713569d547cdbdb439eafed76341820fb0e0344f29a41945"

[[package]]
name = "volatile"
version = "0.3.0"
source = "registry+https://github.com/rust-lang/crates.io-index"
checksum = "f8e76fae08f03f96e166d2dfda232190638c10e0383841252416f9cfe2ae60e6"

[[package]]
name = "volatile"
version = "0.4.5"
source = "registry+https://github.com/rust-lang/crates.io-index"
checksum = "e3ca98349dda8a60ae74e04fd90c7fb4d6a4fbe01e6d3be095478aa0b76f6c0c"

[[package]]
name = "vte"
version = "0.3.3"
source = "registry+https://github.com/rust-lang/crates.io-index"
checksum = "4f42f536e22f7fcbb407639765c8fd78707a33109301f834a594758bedd6e8cf"
dependencies = [
 "utf8parse",
]

[[package]]
name = "winapi"
version = "0.3.9"
source = "registry+https://github.com/rust-lang/crates.io-index"
checksum = "5c839a674fcd7a98952e593242ea400abe93992746761e38641405d28b00f419"
dependencies = [
 "winapi-i686-pc-windows-gnu",
 "winapi-x86_64-pc-windows-gnu",
]

[[package]]
name = "winapi-i686-pc-windows-gnu"
version = "0.4.0"
source = "registry+https://github.com/rust-lang/crates.io-index"
checksum = "ac3b87c63620426dd9b991e5ce0329eff545bccbbb34f3be09ff6fb6ab51b7b6"

[[package]]
name = "winapi-x86_64-pc-windows-gnu"
version = "0.4.0"
source = "registry+https://github.com/rust-lang/crates.io-index"
checksum = "712e227841d057c1ee1cd2fb22fa7e5a5461ae8e48fa2ca79ec42cfc1931183f"

[[package]]
name = "woke"
version = "0.0.2"
source = "registry+https://github.com/rust-lang/crates.io-index"
checksum = "eafdab77c9ee549298ca6585107832aa89d77b14ba13cda220fec6105b17dbb1"

[[package]]
name = "x86"
version = "0.33.0"
source = "registry+https://github.com/rust-lang/crates.io-index"
checksum = "2786ac694ed572ab5d2bbcd9e188805dba26b3501973dd69718914fb3d4a5a69"
dependencies = [
 "bit_field 0.10.1",
 "bitflags",
 "raw-cpuid 8.0.0",
]

[[package]]
name = "x86"
version = "0.36.0"
source = "registry+https://github.com/rust-lang/crates.io-index"
checksum = "268696f47813d5744c80c868e014485e27b30d40eaeeff2f7685b10b70215e5c"
dependencies = [
 "bit_field 0.10.1",
 "bitflags",
 "raw-cpuid 9.1.1",
]

[[package]]
name = "x86_64"
version = "0.11.8"
source = "registry+https://github.com/rust-lang/crates.io-index"
checksum = "5fa1f02f6b33489502afe477f7d428cfa1eee22d4a10966e95dfeed96c523d46"
dependencies = [
 "bit_field 0.9.0",
 "bitflags",
]

[[package]]
name = "x86_64"
version = "0.14.9"
source = "registry+https://github.com/rust-lang/crates.io-index"
checksum = "958cd5cb28e720db2f59ee9dc4235b5f82a183d079fb0e6caf43ad074cfdc66a"
dependencies = [
 "bit_field 0.10.1",
 "bitflags",
 "rustversion",
 "volatile 0.4.5",
]

[[package]]
name = "xmas-elf"
version = "0.7.0"
source = "registry+https://github.com/rust-lang/crates.io-index"
checksum = "e74de9a366f6ab8c405fa6b371d9ac24943921fa14b3d64afcb202065c405f11"
dependencies = [
 "zero",
]

[[package]]
name = "zero"
version = "0.1.2"
source = "registry+https://github.com/rust-lang/crates.io-index"
checksum = "5f1bc8a6b2005884962297587045002d8cfb8dcec9db332f4ca216ddc5de82c5"
